lockfileVersion: '9.0'

settings:
  autoInstallPeers: true
  excludeLinksFromLockfile: false

importers:

  .:
    devDependencies:
      '@types/bun':
        specifier: ^1.3.14
        version: 1.3.14

  mailgw:
    dependencies:
      Haraka:
        specifier: ^3.3.1
        version: 3.3.1
      mailparser:
        specifier: ^3.9.9
        version: 3.9.9

packages:

  '@haraka/email-address@3.1.5':
    resolution: {integrity: sha512-W1/rUKDrV9KZJiVd4JlmTmvsUtu/C1EfIheMdc3BQF0BWO2yiTk4zsLoiUObsHr+GzVSrA9DVkRYTOJsbgu70Q==}
    engines: {node: '>=22'}

  '@haraka/email-address@3.1.6':
    resolution: {integrity: sha512-albuxbQSCI8x/67zgo0kUUUyxsrTV6irss2f21Kfjgb+T8RJXU5SzScJYwhR86zYpQFfrSF3bkzKV/dc8pOAPw==}
    engines: {node: '>=22'}

  '@isaacs/fs-minipass@4.0.1':
    resolution: {integrity: sha512-wgm9Ehl2jpeqP3zw/7mo3kRHFp5MEDhqAdwy1fTGkHAwnkGOVsgpvQhL8B5n1qlb01jV3n/bI0ZfZp5lWA1k4w==}
    engines: {node: '>=18.0.0'}

  '@msimerson/stun@3.2.1':
    resolution: {integrity: sha512-y0+cPidpQPi+RLlXRDtUByeXenMHpsKSgbmLQuLneDSzlrLiHWfrZWWipjA11+0GGLWQEFYsp3JWh6wVzRZ5Eg==}
    engines: {node: '>=20.0'}
    hasBin: true

  '@redis/bloom@5.12.1':
    resolution: {integrity: sha512-PUUfv+ms7jgPSBVoo/DN4AkPHj4D5TZSd6SbJX7egzBplkYUcKmHRE8RKia7UtZ8bSQbLguLvxVO+asKtQfZWA==}
    engines: {node: '>= 18.19.0'}
    peerDependencies:
      '@redis/client': ^5.12.1

  '@redis/bloom@6.0.0':
    resolution: {integrity: sha512-P0n5NkV9IIdT6nYXOfMHG83sho8pE7Nay7yw27wOGVLv4DthgvzebpGz6m7VuMTizeJmw3LPw2Xek5wFUhGpVw==}
    engines: {node: '>= 20.0.0'}
    peerDependencies:
      '@redis/client': ^6.0.0

  '@redis/client@5.12.1':
    resolution: {integrity: sha512-7aPGWeqA3uFm43o19umzdl16CEjK/JQGtSXVPevplTaOU3VJA/rseBC1QvYUz9lLDIMBimc4SW/zrW4S89BaCA==}
    engines: {node: '>= 18.19.0'}
    peerDependencies:
      '@node-rs/xxhash': ^1.1.0
      '@opentelemetry/api': '>=1 <2'
    peerDependenciesMeta:
      '@node-rs/xxhash':
        optional: true
      '@opentelemetry/api':
        optional: true

  '@redis/client@6.0.0':
    resolution: {integrity: sha512-NS4iIT25r24sAjNQ2nSRdCW5jPJoV0rxkBee27oTeR+RXaOu89cjIsrww5rPBaYVGVdL1QCx9uz9141gZiSKdQ==}
    engines: {node: '>= 20.0.0'}
    peerDependencies:
      '@node-rs/xxhash': ^1.1.0
      '@opentelemetry/api': '>=1 <2'
    peerDependenciesMeta:
      '@node-rs/xxhash':
        optional: true
      '@opentelemetry/api':
        optional: true

  '@redis/json@5.12.1':
    resolution: {integrity: sha512-eOze75esLve4vfqDel7aMX08CNaiLLQS2fV8mpRN9NxPe1rVR4vQyYiW/OgtGUysF6QOr9ANhfxABKNOJfXdKg==}
    engines: {node: '>= 18.19.0'}
    peerDependencies:
      '@redis/client': ^5.12.1

  '@redis/json@6.0.0':
    resolution: {integrity: sha512-F+eqFfgPcy57Zs1KW7UtLnBtRk6lxAUIoe7dyZerpm6e+ssYXG/dWJrbrHFYs0b7tt6QBtYpVuukBuM9XqhUAg==}
    engines: {node: '>= 20.0.0'}
    peerDependencies:
      '@redis/client': ^6.0.0

  '@redis/search@5.12.1':
    resolution: {integrity: sha512-ItlxbxC9cKI6IU1TLWoczwJCRb6TdmkEpWv05UrPawqaAnWGRu3rcIqsc5vN483T2fSociuyV1UkWIL5I4//2w==}
    engines: {node: '>= 18.19.0'}
    peerDependencies:
      '@redis/client': ^5.12.1

  '@redis/search@6.0.0':
    resolution: {integrity: sha512-VHuCJ2W0YWFixGZh/l//8JiyOsD4gN+NhjdRAGIoUe0UQ4mtq1NyY2ZJ973XT+vYhaU21XdK8r8oNrd5n7wbzQ==}
    engines: {node: '>= 20.0.0'}
    peerDependencies:
      '@redis/client': ^6.0.0

  '@redis/time-series@5.12.1':
    resolution: {integrity: sha512-c6JL6E3EcZJuNqKFz+KM+l9l5mpcQiKvTwgA3blt5glWJ8hjDk0yeHN3beE/MpqYIQ8UEX44ItQzgkE/gCBELQ==}
    engines: {node: '>= 18.19.0'}
    peerDependencies:
      '@redis/client': ^5.12.1

  '@redis/time-series@6.0.0':
    resolution: {integrity: sha512-QWhkYsg+3lhBrBf+cbzybtV8LQcSrk7iXIgTaGU+pHNFTkql7TpVRE24ROS6M2ybVIV6O/zxTqfxgxxYiqyw0Q==}
    engines: {node: '>= 20.0.0'}
    peerDependencies:
      '@redis/client': ^6.0.0

  '@selderee/plugin-htmlparser2@0.12.0':
    resolution: {integrity: sha512-oELmoyA6ML9jDRMV3kgcMQFKxUfBU0yFVn6yTctVaLT5ygXnxH52I3TZEgV9EhXJC68/uFvE5Daj1/25c0Xa/A==}
    peerDependencies:
      selderee: ~0.12.0

  '@types/bun@1.3.14':
    resolution: {integrity: sha512-h1hFqFVcvAvD9j9K7ZW7vd82aSA+rTdznZa+5bwvCwqSB1jmmfLcbIWhOLx1/+boy/xmjgCs/OMUL8hRJSmnPw==}

  '@types/node@25.9.2':
    resolution: {integrity: sha512-G05zqtJhcDLb8uslf5EjCxXg9G1KQxiV8OS0R26IC//Eoyitzqe8z37I7cqvnZlrlSfgocQRfSn/AHBZJJFyGw==}

  '@zone-eu/mailsplit@5.4.12':
    resolution: {integrity: sha512-w7Gy+NvjZ0MiXm8F6zfjImAqcTONKDImgWVBjDKQVFUXWuz3VFM5levNArkL2M877ajql5+bkS2pDV56injlmg==}

  Haraka@3.3.1:
    resolution: {integrity: sha512-9dr1pB/hDl8sJlQcEmIAG8FnF52qabtnt+I+ualOB6FyOXlfa01DfXO43lEkT1mINIa9RdfOEoK8VtxrE8VDUg==}
    engines: {node: '>=20'}
    hasBin: true

  abbrev@4.0.0:
    resolution: {integrity: sha512-a1wflyaL0tHtJSmLSOVybYhy22vRih4eduhhrkcjgrWGnRfrZtovJ2FRjxuTtkkj47O/baf0R86QU5OuYpz8fA==}
    engines: {node: ^20.17.0 || >=22.9.0}

  abbrev@5.0.0:
    resolution: {integrity: sha512-/XrFJgzQQQHpti1raDJC6m4ws6aNktmjBlhk8Fdlk7LwCEuDoieEJJY9OFHjfiFJFFRM2tK+Ky/IsfbbmlMu1w==}
    engines: {node: ^22.22.2 || ^24.15.0 || >=26.0.0}

  binary-data@0.6.0:
    resolution: {integrity: sha512-HGiT0ir03tS1u7iWdW5xjJfbPpvxH2qJbPFxXW0I3P5iOzkbjN/cJy5GlpAwmjHW5CiayGOxZ/ytLzXmYgdgqQ==}
    engines: {node: '>=6'}

  bun-types@1.3.14:
    resolution: {integrity: sha512-4N0ig0fEomHt5R0KCFWjovxow98rIoRwKolrYdCcknNwMekCXRnWEUvgu5soYV8QXtVsrUD8B95MBOZGPvr6KQ==}

  chownr@3.0.0:
    resolution: {integrity: sha512-+IxzY9BZOQd/XuYPRmrvEVjF/nqj5kgT4kEq7VofrDoM1MxoRjEWkrCC3EtLi59TVawxTAn+orJwFQcrqEN1+g==}
    engines: {node: '>=18'}

  cluster-key-slot@1.1.2:
    resolution: {integrity: sha512-RMr0FhtfXemyinomL4hrWcYJxmX6deFdCxpJzhDttxgO1+bcCnkk+9drydLVDmAMG7NE6aN/fl4F7ucU/90gAA==}
    engines: {node: '>=0.10.0'}

  deepmerge-ts@7.1.5:
    resolution: {integrity: sha512-HOJkrhaYsweh+W+e74Yn7YStZOilkoPb6fycpwNLKzSPtruFs48nYis0zy5yJz1+ktUhHxoRDJ27RQAWLIJVJw==}
    engines: {node: '>=16.0.0'}

  dom-serializer@2.0.0:
    resolution: {integrity: sha512-wIkAryiqt/nV5EQKqQpo3SToSOV9J0DnbJqwK7Wv/Trc92zIAYZ4FlMu+JPFW1DfGFt81ZTCGgDEabffXeLyJg==}

  domelementtype@2.3.0:
    resolution: {integrity: sha512-OLETBj6w0OsagBwdXnPdN0cnMfF9opN69co+7ZrbfPGrdpPVNBUj02spi6B1N7wChLQiPn4CSH/zJvXw56gmHw==}

  domhandler@5.0.3:
    resolution: {integrity: sha512-cgwlv/1iFQiFnU96XXgROh8xTeetsnJiDsTc7TYCLFd9+/WNkIqPTxiM/8pSd8VIrhXGTf1Ny1q1hquVqDJB5w==}
    engines: {node: '>= 4'}

  domutils@3.2.2:
    resolution: {integrity: sha512-6kZKyUajlDuqlHKVX1w7gyslj9MPIXzIFiz/rGu35uC1wMi+kMhQwGhl4lt9unC9Vb9INnY9Z3/ZA3+FhASLaw==}

  encoding-japanese@2.2.0:
    resolution: {integrity: sha512-EuJWwlHPZ1LbADuKTClvHtwbaFn4rOD+dRAbWysqEOXRc2Uui0hJInNJrsdH0c+OhJA4nrCBdSkW4DD5YxAo6A==}
    engines: {node: '>=8.10.0'}

  entities@4.5.0:
    resolution: {integrity: sha512-V0hjH4dGPh9Ao5p0MoRY6BVqtwCjhz6vI5LT8AJ55H+4g9/4vbHx1I54fS0XuclLhDHArPQCiMjDxjaL8fPxhw==}
    engines: {node: '>=0.12'}

  entities@7.0.1:
    resolution: {integrity: sha512-TWrgLOFUQTH994YUyl1yT4uyavY5nNB5muff+RtWaqNVCAK408b5ZnnbNAUEWLTCpum9w6arT70i1XdQ4UeOPA==}
    engines: {node: '>=0.12'}

  env-paths@2.2.1:
    resolution: {integrity: sha512-+h1lkLKhZMTYjog1VEpJNG7NZJWcuc2DDk/qsqSTRRCOXiLjeQ1d1/udrUGhqMxUgAlwKNZ0cf2uqan5GLuS2A==}
    engines: {node: '>=6'}

  exponential-backoff@3.1.3:
    resolution: {integrity: sha512-ZgEeZXj30q+I0EN+CbSSpIyPaJ5HVQD18Z1m+u1FXbAeT94mr1zw50q4q6jiiC447Nl/YTcIYSAftiGqetwXCA==}

  fdir@6.5.0:
    resolution: {integrity: sha512-tIbYtZbucOs0BRGqPJkshJUYdL+SDH7dVM8gjy+ERp3WAUjLEFJE+02kanyHtwjWOnwrKYBiwAmM0p4kLJAnXg==}
    engines: {node: '>=12.0.0'}
    peerDependencies:
      picomatch: ^3 || ^4
    peerDependenciesMeta:
      picomatch:
        optional: true

  generate-function@2.3.1:
    resolution: {integrity: sha512-eeB5GfMNeevm/GRYq20ShmsaGcmI81kIX2K9XQx5miC8KdHaC6Jm0qQ8ZNeGOi7wYB8OsdxKs+Y2oVuTFuVwKQ==}

  graceful-fs@4.2.11:
    resolution: {integrity: sha512-RbJ5/jmFcNNCcDV5o9eTnBLJ/HszWV0P73bc+Ff4nS/rJj+YaS6IGyiOL0VoBYX+l1Wrl3k63h/KrH+nhJ0XvQ==}

  haraka-config@1.6.2:
    resolution: {integrity: sha512-bMZNno2WZt0oHKpPlLohYmMQz1g1+0DPPqgvL4EH/BmJDXhjDFAH9XJZOGgXxXcMRZx7McT8O4ybeebHz45tfg==}
    engines: {node: '>=20'}

  haraka-config@1.6.3:
    resolution: {integrity: sha512-UhfnaTLzNSzK5g+dSumi3LSZCMxany6MrSizqDheEnJX7mkczvu+nQua4JKt31AWg/o4LoTGn7GPY83znnZiQQ==}
    engines: {node: '>=20'}

  haraka-constants@1.0.8:
    resolution: {integrity: sha512-KqVy59yZJ/z7l6UZsb+o6D8CDj3jLuWlpwsQvmrf+MpClAL6Bdxh4NiqzYHhqpXrDI0Vm731ofcTTtbANdLwSQ==}
    engines: {node: '>= 18'}

  haraka-dsn@1.2.0:
    resolution: {integrity: sha512-2tNtGbl1tzPQAQ54K1q0pam8dToQcu3mZiutYD6ANVE4oSRHsbWWfgvFQEn7SBBxQbnfqTe2xx8H8oruByqntw==}
    engines: {node: '>= v14.0.0'}

  haraka-email-message@1.3.4:
    resolution: {integrity: sha512-iTqpcRsg7fmXiqNVAXqenAeDCZ+fVg4vfVbzYyKtPr86qkRhoLPyfGCHpzWMYCvOgZNZwVR3b0v8rR2DI3lpwA==}

  haraka-email-message@1.4.0:
    resolution: {integrity: sha512-tt26Z1T+o1uIwUB8SYtnMlF07ZhihIcwV3T2EQYu8kvIPClHS2HGe4jxFg+rQ/k3COsElKDdNCexj/WFqpZWag==}

  haraka-message-stream@2.0.6:
    resolution: {integrity: sha512-M6Vr3bMwBnnqCSZiuhrU3P3bHWbISfiJkKFKDtQrOaROi3tnWzzVbATCH3nRgOQwvWJbwbrwOh6YmUowxGldVg==}

  haraka-net-utils@1.8.3:
    resolution: {integrity: sha512-1lWHaeBC5eL/iWpVcG4BM6kXTVEmilkwkYPK9xN8TUZWFZzvvxEKSgNKkoapPahw4l8VIicKEc/IvvIg/D9yrA==}
    engines: {node: '>= v18.0.0'}

  haraka-net-utils@1.9.2:
    resolution: {integrity: sha512-58XBsAajGHo0ZGNvdHNfxHEYpGIFrSB81Ay9b2tVZ9epXfQoreeSP6bsaejNZaTI8+n5zn6J+UP+kC5QjK8OgQ==}
    engines: {node: '>= v18.0.0'}

  haraka-notes@1.1.3:
    resolution: {integrity: sha512-6BNPOW49G9IV9yC4gqW7FIsqM0PPsG9VG55/OtFBtG4SiJzzhowTSLk0LNxn6OUIQP7F+6Wy95dN5aIvL3ygVQ==}

  haraka-plugin-access@1.4.0:
    resolution: {integrity: sha512-KUUUql99ENBKkV3WVXLLtv3x0d89HrcU8cQWCBWvtX60lHYDlbhuHYf85czvj/ick/GIVKvBRnNZMNxi1C/LYw==}

  haraka-plugin-aliases@1.1.0:
    resolution: {integrity: sha512-/Z74x94nC5aP/JO2shQbZ05Wqmuudh496MXfuPnRflFAQXLIJcw4Y8H/x6oujcyeEpHP74mjHnQh787hvSZdsg==}

  haraka-plugin-asn@2.2.0:
    resolution: {integrity: sha512-/0eemivOAyYR1UFxLWBi1SY5U8/YEqxgsrhTMd75VG+hlKwX1LWUBeWPmpWj9ekmhed3u5tIDJLk0Y1MD4RAQg==}

  haraka-plugin-attachment@1.2.1:
    resolution: {integrity: sha512-J/0gDK0wHC98JxmpmqVF3PhV9nMReFyhjYNBoT5fKzicmRtYneHRTjIVTu8I2q8p3S+NuFiINJHFKX15MhEkLQ==}
    engines: {node: '>= 16'}

  haraka-plugin-bounce@2.2.1:
    resolution: {integrity: sha512-cCajyyRLiAV3nN5DCDsBzxOLPev2nA1gzg3gvvP22Sdqr3564lFyrn4Tibre2ncG5V149sJCKe28ZzCq0AEIhg==}

  haraka-plugin-clamd@1.0.3:
    resolution: {integrity: sha512-X+UGXCdkC6nEhW+zPoYnKtuJrUeabYllT3L5khmwxZSMJbI3atiBU1HyS8+lQj+N3D4IBPFbM58zNZmJYwhp3g==}

  haraka-plugin-dcc@1.0.3:
    resolution: {integrity: sha512-/BJX3tMCG9kTPlU8rrnb0VMQVmWFjm2q7+bKAYejYQOd3V1YYfBB0aDTgFYYt0ifyWs6EFXCulDeQjmpU2stYA==}

  haraka-plugin-dkim@1.2.0:
    resolution: {integrity: sha512-dX4sYQByabKkEmjTVXjBb3Oql/Upp+iMV+kiSDhcxwjmWUfjRjNR/kN+qxHmBHOvQhAXr2iQvRaSSAdYAdIwXQ==}
    hasBin: true

  haraka-plugin-dns-list@1.3.0:
    resolution: {integrity: sha512-uEvY7kVs+eroeLZndRvp2RvMyOE0K57xXUUO6yL/reX+Q1k31gYwNRKeOldop9SQcghoToZfGd5EYk8jVbKyfw==}

  haraka-plugin-early_talker@1.0.2:
    resolution: {integrity: sha512-rQfsx4WisY3ba+0OJiLBvD7IeDl7x1vhjSOGRiN6PFZX0o2DWG3nM2n/x0Cb9oI5QV3G5taPzpt3MKPGIEiC0g==}

  haraka-plugin-fcrdns@1.2.1:
    resolution: {integrity: sha512-VfsMFcgr/gHpYeEWUgGvmoLbJ5jswK0d/6CRg9sxRqwl56Sw5NVbCKBY6ipO9fDyEJ4YfXSzOeVQnG4e7U1tcA==}

  haraka-plugin-geoip@1.1.2:
    resolution: {integrity: sha512-4+PmQRXD9V1WIYtle2k0Pb/ldfpSKvxc504r7kb5DwJEzwnABw1n177H9gz6oBfc16QihwRrX3mUwndIGapsRQ==}
    engines: {node: '>=20'}

  haraka-plugin-greylist@1.2.1:
    resolution: {integrity: sha512-MizI8JUQ27OmNOreXe4BGb0bRzhfKpJIfsEvFd0ua5GBDS4Qq4EyqgwCWGFsMpyfZFdy3FdeNMG7VQ8WK7n3hg==}

  haraka-plugin-headers@1.2.0:
    resolution: {integrity: sha512-sWiHaKkt1CVfIZqO5s2XSrNvbvOiCQsNaf6+OZxXb7GeYCvhI08eE695pehX/9RqIOgduP1j0tFAQaiReL/RSw==}

  haraka-plugin-helo.checks@1.1.3:
    resolution: {integrity: sha512-l4CfMMioJ/YU73rXmqnqZl+l3DVaquR5uLtD3HYiJpJddrMovDKoy8YzuN/mMmHXE/eOPnYeht1amuH4KkWv/A==}

  haraka-plugin-karma@2.5.2:
    resolution: {integrity: sha512-kK13dj+wKWG7GSFwduM29QnBrTusAhf2VkfE/CJ2dIpARIEAJuwbD6f8NeLc3pmuHnhq/bSUZTY6foArhLLMeA==}

  haraka-plugin-known-senders@1.2.0:
    resolution: {integrity: sha512-Ri+xVZ4Oos0XO1Raw0/bAHA3i2fpCgAohmNZ6uxiwbwk8j6CbQ6zFyHnGdSwE18iNynHvegSeGgqAF3yYf14OQ==}

  haraka-plugin-limit@1.3.2:
    resolution: {integrity: sha512-ARD/5iUjEWfwYqzsyMEEnW1r5LFHq8jzCHll4R3lHexnsUD8/aREZR8SThzF8TTEIyRVnvkAp+OrTJQYz/0C1A==}

  haraka-plugin-mail_from.is_resolvable@1.3.0:
    resolution: {integrity: sha512-eE9H9x69HNmjxRZhTNmOHScwMwu3tUZVmRWmocL8S4itg5tWkRUC+7RTkhcMu6/B7YIC/uiYS49wixCgv8zu9w==}

  haraka-plugin-messagesniffer@1.0.2:
    resolution: {integrity: sha512-h3vFegccHKMyn1W3HIMv5ZjwGgGfsb9W4vXk86+N4DdTd7xkGcCylicx0gSI+caNZaMhiQ2VS7oJHyMxGCsXGg==}

  haraka-plugin-qmail-deliverable@1.4.0:
    resolution: {integrity: sha512-doASY8Vo14q9aS2lOPMZEwtnrWBRLmR1xwAKY4kmy/INHMVj1EHhnlOf9L9gwI0Z75wGztqQlDL1KROQtbN2ww==}

  haraka-plugin-redis@2.0.11:
    resolution: {integrity: sha512-96sxvHrjEWD4Z8T471Yd4cnN/R6i2Z2AXXyHnSq7Obf1e+qRRafsGVTKbS/fsmiEArG8im7zM/L9XjyJuoXDVg==}

  haraka-plugin-redis@2.1.0:
    resolution: {integrity: sha512-wnmOitPwyzfWq98MhdIudAtcsf1xzLpzZWy1QYSVJcdtOSPQzzarnmmRz28SWodxD2c6rQFU/a4pFXMdrYl21g==}

  haraka-plugin-relay@1.0.2:
    resolution: {integrity: sha512-A7EH/ALaoylivekp+t+f0EoK5pgs6E9oAh6FfDfBQRjOS0KSRsFN8w5qduFTDoHlBCosel3scXFc2+7jxERgfQ==}

  haraka-plugin-rspamd@1.6.0:
    resolution: {integrity: sha512-ut+Zm/yg1hUcdu/vbkTZvrNcJKkkC9cfGI4Mg6HCxJw007NROSr30ZoQFnNrYUbsszhyw5m0+lpR6ERQZ2vWJQ==}

  haraka-plugin-spamassassin@1.1.0:
    resolution: {integrity: sha512-Hg9f4HJiVyuwRwPbaPhPPYKw7h7oj8fK7w9QN/D3+G3SUBM7jVC3fX6vgNdrUozZ9jptcpBXsQ8LwPAJgCPNpg==}

  haraka-plugin-spf@1.3.0:
    resolution: {integrity: sha512-pSBKXDQY0Vfe4vsUr/nUbsohrJ6u0siivgLAGZugbzZZXRM2dapgeOW1YfjbsPsrJmfY01IvFlpq0/6Okw6sbg==}
    hasBin: true

  haraka-plugin-syslog@1.1.2:
    resolution: {integrity: sha512-HeRXXcxj/uZmNA+JW5OzCyFA6RCYVe+pqWkBMZbFhwoanYat9BrnB6N5EcOBB+YXhRlsQlbCo8EeXxbgLgTbQQ==}

  haraka-plugin-uribl@2.0.0:
    resolution: {integrity: sha512-xCtr6qMBGjYNnLbyCb6qgISk5FhxH8jZlb2SHTRGeNqIQYTZEoSWOKjziCXiiyxcGlTYFapuOFTJ8pKkh17hxw==}

  haraka-results@2.4.0:
    resolution: {integrity: sha512-5n9rVTzIp2lH5Vc7tkGIU9qJT4qGTgr+Hhw8kfWtQ8NrXXtSjEnuvZeiD3FOH0S65wLgjHLowwg5bADTsUto+A==}
    engines: {node: '>=20'}

  haraka-tld@1.3.5:
    resolution: {integrity: sha512-fM36/jj5oIk+N4r1bhSx1k9y7kgmAUaBsCuLV0+7tfwuT+pi1+6WPNr+nCYfOHuvQARu6xRZmSJFPZzXULWAaw==}

  haraka-tld@1.3.6:
    resolution: {integrity: sha512-2dqTAaIgNECGFYJyoSgDhBwawEoaWuQVfy5JiAC3DjV+IFO15pf04Su3CvaYXnAG1lWr1yMvxEJNCqq7YPNnjQ==}

  haraka-utils@1.1.4:
    resolution: {integrity: sha512-bUggwf/biz9QCv+2l1Y0C1qLZfYuca51p6RAApk/qSY3dSAYr65B8VwPdI8Pq0Qpfk3heFGO0f6rBsyNERBjpQ==}

  haraka-utils@2.1.0:
    resolution: {integrity: sha512-O45dPyqo7CJDLDBc9b9CEC8qyMRP2a8L7iqAj3GQFFky/0LOlZcLqydC+bR0wRoa3a5y7VUvk/1YiHMy089B4Q==}

  haraka-utils@2.2.1:
    resolution: {integrity: sha512-fWo9V6tvDP82o8f/LQTDuZ+GlZpZC2heehn2yLQGESJj9el1WT3X+cBZWzGOL50eb1CKomCEOmIH7EFS9JFs/Q==}

  he@1.2.0:
    resolution: {integrity: sha512-F/1DnUGPopORZi0ni+CvrCgHQ5FyEAHRLSApuYWMmrbSwoN2Mn/7k+Gl38gJnR7yyDZk6WLXwiGod1JOWNDKGw==}
    hasBin: true

  hjson@3.2.2:
    resolution: {integrity: sha512-MkUeB0cTIlppeSsndgESkfFD21T2nXPRaBStLtf3cAYA2bVEFdXlodZB0TukwZiobPD1Ksax5DK4RTZeaXCI3Q==}
    hasBin: true

  html-to-text@10.0.0:
    resolution: {integrity: sha512-2OH59Gtprdczel+7Rxgpz9hGVJREaf8Lt1H4kZwWHpEn70VQKRuMNGsb2eDbwaTzrYzb0hheiOG1P7Dim0B4dQ==}
    engines: {node: '>=20.19.0'}

  htmlparser2@10.1.0:
    resolution: {integrity: sha512-VTZkM9GWRAtEpveh7MSF6SjjrpNVNNVJfFup7xTY3UpFtm67foy9HDVXneLtFVt4pMz5kZtgNcvCniNFb1hlEQ==}

  iconv-lite@0.7.2:
    resolution: {integrity: sha512-im9DjEDQ55s9fL4EYzOAv0yMqmMBSZp6G0VvFyTMPKWxiSBHUj9NW/qqLmXUwXrrM7AvqSlTCfvqRb0cM8yYqw==}
    engines: {node: '>=0.10.0'}

  ip2buf@2.0.0:
    resolution: {integrity: sha512-ezW62UW6IPwpuS3mpsvOS3/3Jgx7aaNZT+uJo/+xVBxHCq7EA1ryuhzZw2MyC5GuGd1sAp3RDx7e4+nJCGt9vA==}
    engines: {node: '>=6'}

  ipaddr.js@2.4.0:
    resolution: {integrity: sha512-9VGk3HGanVE6JoZXHiCpnGy5X0jYDnN4EA4lntFPj+1vIWlFhIylq2CrrCOJH9EAhc5CYhq18F2Av2tgoAPsYQ==}
    engines: {node: '>= 10'}

  is-plain-object@2.0.4:
    resolution: {integrity: sha512-h5PpgXkWitc38BBMYawTYMWJHFZJVnBquFE57xFpjB8pJFiF6gZ+bU+WyI/yqXiFR5mdLsgYNaPe8uao6Uv9Og==}
    engines: {node: '>=0.10.0'}

  is-property@1.0.2:
    resolution: {integrity: sha512-Ks/IoX00TtClbGQr4TWXemAnktAQvYB7HzcCxDGqEZU6oCmb2INHuOoKxbtR+HFkmYWBKv/dOZtGRiAjDhj92g==}

  isexe@4.0.0:
    resolution: {integrity: sha512-FFUtZMpoZ8RqHS3XeXEmHWLA4thH+ZxCv2lOiPIn1Xc7CxrqhWzNSDzD+/chS/zbYezmiwWLdQC09JdQKmthOw==}
    engines: {node: '>=20'}

  isobject@3.0.1:
    resolution: {integrity: sha512-WhB9zCku7EGTj/HQQRz5aUQEUeoQZH2bWcltRErOpymJ4boYE6wL9Tbr23krRPSZ+C5zqNSrSw+Cc7sZZ4b7vg==}
    engines: {node: '>=0.10.0'}

  leac@0.7.0:
    resolution: {integrity: sha512-qMrZeyEekgdRQ9o6a4NAB2EQZrv827GJdn1vnapwSJ90hWRB4TzUSunvacPkxQ2TnNqHNI1/zSt0hlo0crG8Jw==}

  libbase64@1.3.0:
    resolution: {integrity: sha512-GgOXd0Eo6phYgh0DJtjQ2tO8dc0IVINtZJeARPeiIJqge+HdsWSuaDTe8ztQ7j/cONByDZ3zeB325AHiv5O0dg==}

  libmime@5.3.8:
    resolution: {integrity: sha512-ZrCY+Q66mPvasAfjsQ/IgahzoBvfE1VdtGRpo1hwRB1oK3wJKxhKA3GOcd2a6j7AH5eMFccxK9fBoCpRZTf8ng==}

  libqp@2.1.1:
    resolution: {integrity: sha512-0Wd+GPz1O134cP62YU2GTOPNA7Qgl09XwCqM5zpBv87ERCXdfDtyKXvV7c9U22yWJh44QZqBocFnXN11K96qow==}

  linkify-it@5.0.1:
    resolution: {integrity: sha512-wVoTjP4Q6R0NW5hiZkVJaFZPWgtXfoGF+6LucL3/FtiNjmcHhYjEr5f1Kqjirc1nBW07J/ZuRFumqr2oqccEWg==}

  mailparser@3.9.9:
    resolution: {integrity: sha512-ulZi7h1eKm8WQmXibIgj8dmMQGDQCUS/g+XHkxxjcLDq4Dwn2ppo+0hz5Fi+ltvu4eN7mh3ykIp5RcpiWWav1w==}

  maxmind@5.0.6:
    resolution: {integrity: sha512-5bvd/u+kIaTqaGM+xkXjatzQw1dQfSmlLggr2W1EKMyMxSgx2woZyusLpNpZ4DdPmL+1bbJWeo4LXsi6bC0Iew==}
    engines: {node: '>=12', npm: '>=6'}

  minipass@7.1.3:
    resolution: {integrity: sha512-tEBHqDnIoM/1rXME1zgka9g6Q2lcoCkxHLuc7ODJ5BxbP5d4c2Z5cGgtXAku59200Cx7diuHTOYfSBD8n6mm8A==}
    engines: {node: '>=16 || 14 >=14.17'}

  minizlib@3.1.0:
    resolution: {integrity: sha512-KZxYo1BUkWD2TVFLr0MQoM8vUUigWD3LlD83a/75BqC+4qE0Hb1Vo5v1FgcfaNXvfXzr+5EhQ6ing/CaBijTlw==}
    engines: {node: '>= 18'}

  mmdb-lib@3.0.2:
    resolution: {integrity: sha512-7e87vk0DdWT647wjcfEtWeMtjm+zVGqNohN/aeIymbUfjHQ2T4Sx5kM+1irVDBSloNC3CkGKxswdMoo8yhqTDg==}
    engines: {node: '>=10', npm: '>=6'}

  modern-syslog@1.2.0:
    resolution: {integrity: sha512-dmFE23qpyZJf8MOdzuNKliW4j1PCqxaRtSzyNnv6QDUWjf1z8T4ZoQ7Qf0t6It2ewNv9/XJZSJoUgwpq3D0X7A==}
    os: ['!win32']

  nan@2.27.0:
    resolution: {integrity: sha512-hC+0LidcL3XE4rp1C4H54KujgXKzbfyTngZTwBByQxsOxCEKZT0MPQ4hOKUH2jU1OYstqdDH4onyHPDzcV0XdQ==}

  node-gyp@12.4.0:
    resolution: {integrity: sha512-OMcPNvqTCFUnNaBlmdgq+lfNqY7gTiSmNRDjY3uAXRyudeKZEZxu3CLtjMQrx4zZxCX2b/mpNqTtwuCJgXhHkw==}
    engines: {node: ^20.17.0 || >=22.9.0}
    hasBin: true

  nodemailer@8.0.10:
    resolution: {integrity: sha512-BLFuSth7QtHOkBzyqTehWWyub0NTRDuK2Q2SQfnGLsrJnzyU+Yeh4WpV1eZGuARFj1xQJHIdnTuJZLP+b9R1GQ==}
    engines: {node: '>=6.0.0'}

  nopt@10.0.0:
    resolution: {integrity: sha512-+KTtw3y0UQl+h9zuQFXrrP7idJEM5HIWs9dnMO2CEeUl7ubpdthW8z7UE0qaKEdE7L5Lh7/Hs9ZzBKYHCqDwiQ==}
    engines: {node: ^22.22.2 || ^24.15.0 || >=26.0.0}
    hasBin: true

  nopt@10.0.1:
    resolution: {integrity: sha512-df3sBr/6ax9hSGuC3CspvLlbnX8cP5L5nZwXF8cGN8l0zSWR6BvzmQ6jPUKjvo6+/xdpkNvEcucBNUdBeeV13g==}
    engines: {node: ^22.22.2 || ^24.15.0 || >=26.0.0}
    hasBin: true

  nopt@9.0.0:
    resolution: {integrity: sha512-Zhq3a+yFKrYwSBluL4H9XP3m3y5uvQkB/09CwDruCiRmR/UJYnn9W4R48ry0uGC70aeTPKLynBtscP9efFFcPw==}
    engines: {node: ^20.17.0 || >=22.9.0}
    hasBin: true

  openssl-wrapper@0.3.4:
    resolution: {integrity: sha512-iITsrx6Ho8V3/2OVtmZzzX8wQaKAaFXEJQdzoPUZDtyf5jWFlqo+h+OhGT4TATQ47f9ACKHua8nw7Qoy85aeKQ==}

  parseley@0.13.1:
    resolution: {integrity: sha512-uNBJZzmb60l6p6VWLTmevizNAGnE0xoSf1n0B4q3ntegDNzcS68NRCcBDZTcyXHxt2XhBChsCuqj4M+nChvE/A==}

  peberminta@0.10.0:
    resolution: {integrity: sha512-80B2AsU+I4Qdb0ZAPSfe9UwvGzwkM37IKIFEvdS3D/3Ndgv2bsuJ0bfG1+iEYO+l7Gfd4EUJmuRyq7efLgRMzQ==}

  picomatch@4.0.4:
    resolution: {integrity: sha512-QP88BAKvMam/3NxH6vj2o21R6MjxZUAd6nlwAS/pnGvN9IVLocLHxGYIzFhg6fUQ+5th6P4dv4eW9jX3DSIj7A==}
    engines: {node: '>=12'}

  proc-log@6.1.0:
    resolution: {integrity: sha512-iG+GYldRf2BQ0UDUAd6JQ/RwzaQy6mXmsk/IzlYyal4A4SNFw54MeH4/tLkF4I5WoWG9SQwuqWzS99jaFQHBuQ==}
    engines: {node: ^20.17.0 || >=22.9.0}

  punycode.js@2.3.1:
    resolution: {integrity: sha512-uxFIHU0YlHYhDQtV4R9J6a52SLx28BCjT+4ieh7IGbgwVJWO+km431c4yRlREUAsAmt/uMjQUyQHNEPf0M39CA==}
    engines: {node: '>=6'}

  redis@5.12.1:
    resolution: {integrity: sha512-LDsoVvb/CpoV9EN3FXvgvSHNJWuCIzl9MiO3ppOevuGLpSGJhwfQjpEwfFJcQvNSddHADDdZaWx0HnmMxRXG7g==}
    engines: {node: '>= 18.19.0'}

  redis@6.0.0:
    resolution: {integrity: sha512-n9Thfc39OXleEoPT2k5gwKsqY+HfCww3YS71ofcr9KKbkn89bpjU9dToIlD+JRdM3/GYQkwMtVgTxLyed+LptQ==}
    engines: {node: '>= 20.0.0'}

  safer-buffer@2.1.2:
    resolution: {integrity: sha512-YZo3K82SD7Riyi0E1EQPojLz7kpepnSQI9IyPbHHg1XXXevb5dJI7tpyN2ADxGcQbHG7vcyRHk0cbwqcQriUtg==}

  selderee@0.12.0:
    resolution: {integrity: sha512-b1YMh3+DHZp59DLna3qVwQ5iOla/nrI6mLBNW02XxU77M3046Df6VLkoaJyFz20VsGIG5kkp+FK0kg4K4HnUFw==}

  semver@7.8.1:
    resolution: {integrity: sha512-rkVq3IXh+4FDGch+KwzX3aV9W3kO54GyEgpvBzSyctDA6Xtd7RJQV1xmXbeQp5v7+VzLOfVqiutSE6GICgPFvg==}
    engines: {node: '>=10'}
    hasBin: true

  semver@7.8.4:
    resolution: {integrity: sha512-rUCObTnP32Q08R2uuIrt7r9PlEonuTmtuXYcW6s5kjdlj3xbnwe+21yXptAUYcMAABLkYYTtnmzb3w3EDZfueA==}
    engines: {node: '>=10'}
    hasBin: true

  tar@7.5.15:
    resolution: {integrity: sha512-dzGK0boVlC4W5QFuQN1EFSl3bIDYsk7Tj40U6eIBnK2k/8ml7TZ5agbI5j5+qnoVcAA+rNtBml8SEiLxZpNqRQ==}
    engines: {node: '>=18'}

  tiny-lru@13.0.0:
    resolution: {integrity: sha512-xDHxKKS1FdF0Tv2P+QT7IeSEg74K/8cEDzbv3Tv6UyHHUgBOjOiQiBp818MGj66dhurQus/IBcoAbwIKtSGc6Q==}
    engines: {node: '>=14'}

  tinyglobby@0.2.17:
    resolution: {integrity: sha512-wXR/dYpcqKmfWpEdZjiKJOwCNFndD0DMnrW/cYjVGttEkBfVgcLFHoNrlj47mjOVic9yyNu65alsgF4NQyTa2g==}
    engines: {node: '>=12.0.0'}

  tlds@1.261.0:
    resolution: {integrity: sha512-QXqwfEl9ddlGBaRFXIvNKK6OhipSiLXuRuLJX5DErz0o0Q0rYxulWLdFryTkV5PkdZct5iMInwYEGe/eR++1AA==}
    hasBin: true

  tmp@0.2.7:
    resolution: {integrity: sha512-e0votIpp4Uo2AJYSzVHV6xCcawuiez3DzqDAbrTc3YxBkplN6e+dM13ZeIcZnDg/QpSuU2zfZ3rzwY8ukEnaXw==}
    engines: {node: '>=14.14'}

  turbo-crc32@1.0.1:
    resolution: {integrity: sha512-8yyRd1ZdNp+AQLGqi3lTaA2k81JjlIZOyFQEsi7GQWBgirnQOxjqVtDEbYHM2Z4yFdJ5AQw0fxBLLnDCl6RXoQ==}
    engines: {node: '>=6'}

  uc.micro@2.1.0:
    resolution: {integrity: sha512-ARDJmphmdvUk6Glw7y9DQ2bFkKBHwQHLi2lsaH6PPmz/Ka9sFOBsBluozhDltWmnv9u/cF6Rt87znRTPV+yp/A==}

  undici-types@7.24.6:
    resolution: {integrity: sha512-WRNW+sJgj5OBN4/0JpHFqtqzhpbnV0GuB+OozA9gCL7a993SmU+1JBZCzLNxYsbMfIeDL+lTsphD5jN5N+n0zg==}

  undici@6.26.0:
    resolution: {integrity: sha512-4yqz8a3n5HmGTlsbADNtr/dJlhkh/55Rq798G6ibiULcXbDtaLpTl1pvdqcbFfeoj3iSi52lePFM7h9H21cw/A==}
    engines: {node: '>=18.17'}

  which@6.0.1:
    resolution: {integrity: sha512-oGLe46MIrCRqX7ytPUf66EAYvdeMIZYn3WaocqqKZAxrBpkqHfL/qvTyJ/bTk5+AqHCjXmrv3CEWgy368zhRUg==}
    engines: {node: ^20.17.0 || >=22.9.0}
    hasBin: true

  yallist@5.0.0:
    resolution: {integrity: sha512-YgvUTfwqyc7UXVMrB+SImsVYSmTS8X/tSrtdNZMImM+n7+QTriRXyXim0mBrTXNeqzVF0KWGgHPeiyViFFrNDw==}
    engines: {node: '>=18'}

  yaml@2.9.0:
    resolution: {integrity: sha512-2AvhNX3mb8zd6Zy7INTtSpl1F15HW6Wnqj0srWlkKLcpYl/gMIMJiyuGq2KeI2YFxUPjdlB+3Lc10seMLtL4cA==}
    engines: {node: '>= 14.6'}
    hasBin: true

snapshots:

  '@haraka/email-address@3.1.5': {}

  '@haraka/email-address@3.1.6': {}

  '@isaacs/fs-minipass@4.0.1':
    dependencies:
      minipass: 7.1.3

  '@msimerson/stun@3.2.1':
    dependencies:
      binary-data: 0.6.0
      ip2buf: 2.0.0
      ipaddr.js: 2.4.0
      turbo-crc32: 1.0.1
    optional: true

  '@redis/bloom@5.12.1(@redis/client@5.12.1)':
    dependencies:
      '@redis/client': 5.12.1

  '@redis/bloom@6.0.0(@redis/client@6.0.0)':
    dependencies:
      '@redis/client': 6.0.0

  '@redis/client@5.12.1':
    dependencies:
      cluster-key-slot: 1.1.2

  '@redis/client@6.0.0':
    dependencies:
      cluster-key-slot: 1.1.2

  '@redis/json@5.12.1(@redis/client@5.12.1)':
    dependencies:
      '@redis/client': 5.12.1

  '@redis/json@6.0.0(@redis/client@6.0.0)':
    dependencies:
      '@redis/client': 6.0.0

  '@redis/search@5.12.1(@redis/client@5.12.1)':
    dependencies:
      '@redis/client': 5.12.1

  '@redis/search@6.0.0(@redis/client@6.0.0)':
    dependencies:
      '@redis/client': 6.0.0

  '@redis/time-series@5.12.1(@redis/client@5.12.1)':
    dependencies:
      '@redis/client': 5.12.1

  '@redis/time-series@6.0.0(@redis/client@6.0.0)':
    dependencies:
      '@redis/client': 6.0.0

  '@selderee/plugin-htmlparser2@0.12.0(selderee@0.12.0)':
    dependencies:
      domelementtype: 2.3.0
      domhandler: 5.0.3
      selderee: 0.12.0

  '@types/bun@1.3.14':
    dependencies:
      bun-types: 1.3.14

  '@types/node@25.9.2':
    dependencies:
      undici-types: 7.24.6

  '@zone-eu/mailsplit@5.4.12':
    dependencies:
      libbase64: 1.3.0
      libmime: 5.3.8
      libqp: 2.1.1

  Haraka@3.3.1:
    dependencies:
      '@haraka/email-address': 3.1.6
      haraka-config: 1.6.3
      haraka-constants: 1.0.8
      haraka-dsn: 1.2.0
      haraka-email-message: 1.4.0
      haraka-net-utils: 1.9.2
      haraka-notes: 1.1.3
      haraka-plugin-redis: 2.1.0
      haraka-results: 2.4.0
      haraka-tld: 1.3.6
      haraka-utils: 2.2.1
      ipaddr.js: 2.4.0
      node-gyp: 12.4.0
      nopt: 10.0.1
      redis: 6.0.0
      semver: 7.8.4
    optionalDependencies:
      haraka-plugin-access: 1.4.0
      haraka-plugin-aliases: 1.1.0
      haraka-plugin-asn: 2.2.0
      haraka-plugin-attachment: 1.2.1
      haraka-plugin-bounce: 2.2.1
      haraka-plugin-clamd: 1.0.3
      haraka-plugin-dcc: 1.0.3
      haraka-plugin-dkim: 1.2.0
      haraka-plugin-dns-list: 1.3.0
      haraka-plugin-early_talker: 1.0.2
      haraka-plugin-fcrdns: 1.2.1
      haraka-plugin-geoip: 1.1.2
      haraka-plugin-greylist: 1.2.1
      haraka-plugin-headers: 1.2.0
      haraka-plugin-helo.checks: 1.1.3
      haraka-plugin-karma: 2.5.2
      haraka-plugin-known-senders: 1.2.0
      haraka-plugin-limit: 1.3.2
      haraka-plugin-mail_from.is_resolvable: 1.3.0
      haraka-plugin-messagesniffer: 1.0.2
      haraka-plugin-qmail-deliverable: 1.4.0
      haraka-plugin-relay: 1.0.2
      haraka-plugin-rspamd: 1.6.0
      haraka-plugin-spamassassin: 1.1.0
      haraka-plugin-spf: 1.3.0
      haraka-plugin-syslog: 1.1.2
      haraka-plugin-uribl: 2.0.0
    transitivePeerDependencies:
      - '@node-rs/xxhash'
      - '@opentelemetry/api'

  abbrev@4.0.0: {}

  abbrev@5.0.0: {}

  binary-data@0.6.0:
    dependencies:
      generate-function: 2.3.1
      is-plain-object: 2.0.4
    optional: true

  bun-types@1.3.14:
    dependencies:
      '@types/node': 25.9.2

  chownr@3.0.0: {}

  cluster-key-slot@1.1.2: {}

  deepmerge-ts@7.1.5: {}

  dom-serializer@2.0.0:
    dependencies:
      domelementtype: 2.3.0
      domhandler: 5.0.3
      entities: 4.5.0

  domelementtype@2.3.0: {}

  domhandler@5.0.3:
    dependencies:
      domelementtype: 2.3.0

  domutils@3.2.2:
    dependencies:
      dom-serializer: 2.0.0
      domelementtype: 2.3.0
      domhandler: 5.0.3

  encoding-japanese@2.2.0: {}

  entities@4.5.0: {}

  entities@7.0.1: {}

  env-paths@2.2.1: {}

  exponential-backoff@3.1.3: {}

  fdir@6.5.0(picomatch@4.0.4):
    optionalDependencies:
      picomatch: 4.0.4

  generate-function@2.3.1:
    dependencies:
      is-property: 1.0.2
    optional: true

  graceful-fs@4.2.11: {}

  haraka-config@1.6.2:
    dependencies:
      yaml: 2.9.0
    optionalDependencies:
      hjson: 3.2.2

  haraka-config@1.6.3:
    dependencies:
      yaml: 2.9.0
    optionalDependencies:
      hjson: 3.2.2

  haraka-constants@1.0.8: {}

  haraka-dsn@1.2.0: {}

  haraka-email-message@1.3.4:
    dependencies:
      haraka-config: 1.6.2
      haraka-message-stream: 2.0.6
      iconv-lite: 0.7.2
      libmime: 5.3.8
      libqp: 2.1.1
    optional: true

  haraka-email-message@1.4.0:
    dependencies:
      '@haraka/email-address': 3.1.5
      haraka-config: 1.6.2
      haraka-message-stream: 2.0.6
      iconv-lite: 0.7.2
      libmime: 5.3.8
      libqp: 2.1.1

  haraka-message-stream@2.0.6: {}

  haraka-net-utils@1.8.3:
    dependencies:
      haraka-config: 1.6.2
      haraka-tld: 1.3.5
      ipaddr.js: 2.4.0
      openssl-wrapper: 0.3.4
      punycode.js: 2.3.1
    optionalDependencies:
      '@msimerson/stun': 3.2.1
    optional: true

  haraka-net-utils@1.9.2:
    dependencies:
      haraka-config: 1.6.2
      haraka-tld: 1.3.5
      ipaddr.js: 2.4.0
    optionalDependencies:
      '@msimerson/stun': 3.2.1

  haraka-notes@1.1.3: {}

  haraka-plugin-access@1.4.0:
    dependencies:
      '@haraka/email-address': 3.1.5
      haraka-net-utils: 1.9.2
      haraka-tld: 1.3.5
      haraka-utils: 2.1.0
    optional: true

  haraka-plugin-aliases@1.1.0:
    dependencies:
      '@haraka/email-address': 3.1.5
    optional: true

  haraka-plugin-asn@2.2.0:
    dependencies:
      maxmind: 5.0.6
    optional: true

  haraka-plugin-attachment@1.2.1:
    dependencies:
      haraka-constants: 1.0.8
      haraka-utils: 2.1.0
      tmp: 0.2.7
    optional: true

  haraka-plugin-bounce@2.2.1:
    dependencies:
      '@haraka/email-address': 3.1.6
      haraka-net-utils: 1.9.2
      haraka-plugin-spf: 1.3.0
    optional: true

  haraka-plugin-clamd@1.0.3:
    dependencies:
      haraka-net-utils: 1.8.3
      haraka-utils: 2.1.0
    optional: true

  haraka-plugin-dcc@1.0.3:
    optional: true

  haraka-plugin-dkim@1.2.0:
    dependencies:
      '@haraka/email-address': 3.1.5
      haraka-email-message: 1.3.4
      haraka-utils: 2.1.0
      nopt: 10.0.0
    optional: true

  haraka-plugin-dns-list@1.3.0:
    dependencies:
      haraka-net-utils: 1.8.3
    optional: true

  haraka-plugin-early_talker@1.0.2:
    dependencies:
      ipaddr.js: 2.4.0
    optional: true

  haraka-plugin-fcrdns@1.2.1:
    dependencies:
      haraka-constants: 1.0.8
      haraka-net-utils: 1.9.2
      haraka-tld: 1.3.5
    optional: true

  haraka-plugin-geoip@1.1.2:
    dependencies:
      haraka-net-utils: 1.8.3
      maxmind: 5.0.6
    optional: true

  haraka-plugin-greylist@1.2.1:
    dependencies:
      '@haraka/email-address': 3.1.5
      haraka-dsn: 1.2.0
      haraka-net-utils: 1.8.3
      haraka-plugin-redis: 2.0.11
      haraka-tld: 1.3.5
      ipaddr.js: 2.4.0
    transitivePeerDependencies:
      - '@node-rs/xxhash'
      - '@opentelemetry/api'
    optional: true

  haraka-plugin-headers@1.2.0:
    dependencies:
      '@haraka/email-address': 3.1.5
      haraka-tld: 1.3.5
    optional: true

  haraka-plugin-helo.checks@1.1.3:
    dependencies:
      haraka-dsn: 1.2.0
      haraka-net-utils: 1.9.2
      haraka-tld: 1.3.6
      haraka-utils: 2.2.1
    optional: true

  haraka-plugin-karma@2.5.2:
    dependencies:
      haraka-constants: 1.0.8
      haraka-plugin-redis: 2.1.0
    transitivePeerDependencies:
      - '@node-rs/xxhash'
      - '@opentelemetry/api'
    optional: true

  haraka-plugin-known-senders@1.2.0:
    dependencies:
      haraka-plugin-redis: 2.0.11
      haraka-tld: 1.3.5
    transitivePeerDependencies:
      - '@node-rs/xxhash'
      - '@opentelemetry/api'
    optional: true

  haraka-plugin-limit@1.3.2:
    dependencies:
      haraka-constants: 1.0.8
      haraka-plugin-redis: 2.1.0
      ipaddr.js: 2.4.0
    transitivePeerDependencies:
      - '@node-rs/xxhash'
      - '@opentelemetry/api'
    optional: true

  haraka-plugin-mail_from.is_resolvable@1.3.0:
    dependencies:
      haraka-dsn: 1.2.0
      haraka-net-utils: 1.8.3
    optional: true

  haraka-plugin-messagesniffer@1.0.2:
    optional: true

  haraka-plugin-qmail-deliverable@1.4.0:
    optional: true

  haraka-plugin-redis@2.0.11:
    dependencies:
      redis: 5.12.1
    transitivePeerDependencies:
      - '@node-rs/xxhash'
      - '@opentelemetry/api'
    optional: true

  haraka-plugin-redis@2.1.0:
    dependencies:
      redis: 5.12.1
    transitivePeerDependencies:
      - '@node-rs/xxhash'
      - '@opentelemetry/api'

  haraka-plugin-relay@1.0.2:
    dependencies:
      ipaddr.js: 2.4.0
    optional: true

  haraka-plugin-rspamd@1.6.0:
    dependencies:
      haraka-dsn: 1.2.0
    optional: true

  haraka-plugin-spamassassin@1.1.0:
    dependencies:
      haraka-net-utils: 1.8.3
      haraka-utils: 1.1.4
    optional: true

  haraka-plugin-spf@1.3.0:
    dependencies:
      haraka-dsn: 1.2.0
      haraka-net-utils: 1.8.3
      ipaddr.js: 2.4.0
      nopt: 10.0.0
    optional: true

  haraka-plugin-syslog@1.1.2:
    dependencies:
      haraka-constants: 1.0.8
      haraka-utils: 2.2.1
      modern-syslog: 1.2.0
      nan: 2.27.0
    optional: true

  haraka-plugin-uribl@2.0.0:
    dependencies:
      '@haraka/email-address': 3.1.5
      haraka-net-utils: 1.9.2
      haraka-tld: 1.3.5
      haraka-utils: 2.2.1
    optional: true

  haraka-results@2.4.0:
    dependencies:
      haraka-config: 1.6.2
    optionalDependencies:
      redis: 6.0.0
    transitivePeerDependencies:
      - '@node-rs/xxhash'
      - '@opentelemetry/api'

  haraka-tld@1.3.5: {}

  haraka-tld@1.3.6: {}

  haraka-utils@1.1.4:
    optional: true

  haraka-utils@2.1.0:
    optional: true

  haraka-utils@2.2.1: {}

  he@1.2.0: {}

  hjson@3.2.2:
    optional: true

  html-to-text@10.0.0:
    dependencies:
      '@selderee/plugin-htmlparser2': 0.12.0(selderee@0.12.0)
      deepmerge-ts: 7.1.5
      dom-serializer: 2.0.0
      htmlparser2: 10.1.0
      selderee: 0.12.0

  htmlparser2@10.1.0:
    dependencies:
      domelementtype: 2.3.0
      domhandler: 5.0.3
      domutils: 3.2.2
      entities: 7.0.1

  iconv-lite@0.7.2:
    dependencies:
      safer-buffer: 2.1.2

  ip2buf@2.0.0:
    optional: true

  ipaddr.js@2.4.0: {}

  is-plain-object@2.0.4:
    dependencies:
      isobject: 3.0.1
    optional: true

  is-property@1.0.2:
    optional: true

  isexe@4.0.0: {}

  isobject@3.0.1:
    optional: true

  leac@0.7.0: {}

  libbase64@1.3.0: {}

  libmime@5.3.8:
    dependencies:
      encoding-japanese: 2.2.0
      iconv-lite: 0.7.2
      libbase64: 1.3.0
      libqp: 2.1.1

  libqp@2.1.1: {}

  linkify-it@5.0.1:
    dependencies:
      uc.micro: 2.1.0

  mailparser@3.9.9:
    dependencies:
      '@zone-eu/mailsplit': 5.4.12
      encoding-japanese: 2.2.0
      he: 1.2.0
      html-to-text: 10.0.0
      iconv-lite: 0.7.2
      libmime: 5.3.8
      linkify-it: 5.0.1
      nodemailer: 8.0.10
      punycode.js: 2.3.1
      tlds: 1.261.0

  maxmind@5.0.6:
    dependencies:
      mmdb-lib: 3.0.2
      tiny-lru: 13.0.0
    optional: true

  minipass@7.1.3: {}

  minizlib@3.1.0:
    dependencies:
      minipass: 7.1.3

  mmdb-lib@3.0.2:
    optional: true

  modern-syslog@1.2.0:
    dependencies:
      nan: 2.27.0
    optional: true

  nan@2.27.0:
    optional: true

  node-gyp@12.4.0:
    dependencies:
      env-paths: 2.2.1
      exponential-backoff: 3.1.3
      graceful-fs: 4.2.11
      nopt: 9.0.0
      proc-log: 6.1.0
      semver: 7.8.1
      tar: 7.5.15
      tinyglobby: 0.2.17
      undici: 6.26.0
      which: 6.0.1

  nodemailer@8.0.10: {}

  nopt@10.0.0:
    dependencies:
      abbrev: 5.0.0
    optional: true

  nopt@10.0.1:
    dependencies:
      abbrev: 5.0.0

  nopt@9.0.0:
    dependencies:
      abbrev: 4.0.0

  openssl-wrapper@0.3.4:
    optional: true

  parseley@0.13.1:
    dependencies:
      leac: 0.7.0
      peberminta: 0.10.0

  peberminta@0.10.0: {}

  picomatch@4.0.4: {}

  proc-log@6.1.0: {}

  punycode.js@2.3.1: {}

  redis@5.12.1:
    dependencies:
      '@redis/bloom': 5.12.1(@redis/client@5.12.1)
      '@redis/client': 5.12.1
      '@redis/json': 5.12.1(@redis/client@5.12.1)
      '@redis/search': 5.12.1(@redis/client@5.12.1)
      '@redis/time-series': 5.12.1(@redis/client@5.12.1)
    transitivePeerDependencies:
      - '@node-rs/xxhash'
      - '@opentelemetry/api'

  redis@6.0.0:
    dependencies:
      '@redis/bloom': 6.0.0(@redis/client@6.0.0)
      '@redis/client': 6.0.0
      '@redis/json': 6.0.0(@redis/client@6.0.0)
      '@redis/search': 6.0.0(@redis/client@6.0.0)
      '@redis/time-series': 6.0.0(@redis/client@6.0.0)
    transitivePeerDependencies:
      - '@node-rs/xxhash'
      - '@opentelemetry/api'

  safer-buffer@2.1.2: {}

  selderee@0.12.0:
    dependencies:
      parseley: 0.13.1

  semver@7.8.1: {}

  semver@7.8.4: {}

  tar@7.5.15:
    dependencies:
      '@isaacs/fs-minipass': 4.0.1
      chownr: 3.0.0
      minipass: 7.1.3
      minizlib: 3.1.0
      yallist: 5.0.0

  tiny-lru@13.0.0:
    optional: true

  tinyglobby@0.2.17:
    dependencies:
      fdir: 6.5.0(picomatch@4.0.4)
      picomatch: 4.0.4

  tlds@1.261.0: {}

  tmp@0.2.7:
    optional: true

  turbo-crc32@1.0.1:
    optional: true

  uc.micro@2.1.0: {}

  undici-types@7.24.6: {}

  undici@6.26.0: {}

  which@6.0.1:
    dependencies:
      isexe: 4.0.0

  yallist@5.0.0: {}

  yaml@2.9.0: {}
